
Microsoft Visual Studio Solution File, Format Version 12.00
# Visual Studio Version 16
VisualStudioVersion = 16.0.28606.126
MinimumVisualStudioVersion = 10.0.40219.1
Project("{2150E333-8FDC-42A3-9474-1A3956D46DE8}") = "Solution Items", "Solution Items", "{5E1CC4AE-677D-4957-AAF8-9D9A565F22DE}"
	ProjectSection(SolutionItems) = preProject
		License.txt = License.txt
		README.md = README.md
	EndProjectSection
EndProject
Project("{FAE04EC0-301F-11D3-BF4B-00C04F79EFBC}") = "MvvmTools", "MvvmTools\MvvmTools.csproj", "{05D0E37F-9B09-4DD6-9F67-80CF3CE69E8A}"
EndProject
Project("{FAE04EC0-301F-11D3-BF4B-00C04F79EFBC}") = "MvvmTools.Core", "MvvmTools.Core\MvvmTools.Core.csproj", "{E71FA6C6-539E-46E7-847E-F8C4FDE5EE12}"
EndProject
Project("{FAE04EC0-301F-11D3-BF4B-00C04F79EFBC}") = "MvvmTools.Core.Tests", "MvvmTools.Core.Tests\MvvmTools.Core.Tests.csproj", "{CA0CD63F-0189-4CE2-B1C0-715888BB4580}"
EndProject
Global
	GlobalSection(SolutionConfigurationPlatforms) = preSolution
		Debug|Any CPU = Debug|Any CPU
		Release|Any CPU = Release|Any CPU
	EndGlobalSection
	GlobalSection(ProjectConfigurationPlatforms) = postSolution
		{05D0E37F-9B09-4DD6-9F67-80CF3CE69E8A}.Debug|Any CPU.ActiveCfg = Debug|Any CPU
		{05D0E37F-9B09-4DD6-9F67-80CF3CE69E8A}.Debug|Any CPU.Build.0 = Debug|Any CPU
		{05D0E37F-9B09-4DD6-9F67-80CF3CE69E8A}.Release|Any CPU.ActiveCfg = Release|Any CPU
		{05D0E37F-9B09-4DD6-9F67-80CF3CE69E8A}.Release|Any CPU.Build.0 = Release|Any CPU
		{E71FA6C6-539E-46E7-847E-F8C4FDE5EE12}.Debug|Any CPU.ActiveCfg = Debug|Any CPU
		{E71FA6C6-539E-46E7-847E-F8C4FDE5EE12}.Debug|Any CPU.Build.0 = Debug|Any CPU
		{E71FA6C6-539E-46E7-847E-F8C4FDE5EE12}.Release|Any CPU.ActiveCfg = Release|Any CPU
		{E71FA6C6-539E-46E7-847E-F8C4FDE5EE12}.Release|Any CPU.Build.0 = Release|Any CPU
		{CA0CD63F-0189-4CE2-B1C0-715888BB4580}.Debug|Any CPU.ActiveCfg = Debug|Any CPU
		{CA0CD63F-0189-4CE2-B1C0-715888BB4580}.Debug|Any CPU.Build.0 = Debug|Any CPU
		{CA0CD63F-0189-4CE2-B1C0-715888BB4580}.Release|Any CPU.ActiveCfg = Release|Any CPU
		{CA0CD63F-0189-4CE2-B1C0-715888BB4580}.Release|Any CPU.Build.0 = Release|Any CPU
	EndGlobalSection
	GlobalSection(SolutionProperties) = preSolution
		HideSolutionNode = FALSE
	EndGlobalSection
	GlobalSection(ExtensibilityGlobals) = postSolution
		SolutionGuid = {A056124F-2407-418F-B559-05D10212891A}
	EndGlobalSection
EndGlobal
