
Microsoft Visual Studio Solution File, Format Version 12.00
# Visual Studio Version 16
VisualStudioVersion = 16.0.31320.298
MinimumVisualStudioVersion = 10.0.40219.1
Project("{FAE04EC0-301F-11D3-BF4B-00C04F79EFBC}") = "ConsoleApp1", "ConsoleApp1\ConsoleApp1.csproj", "{C1512DD1-031A-4861-8D1E-A9D1C66A2FB8}"
EndProject
Global
	GlobalSection(SolutionConfigurationPlatforms) = preSolution
		Debug|Any CPU = Debug|Any CPU
		Release|Any CPU = Release|Any CPU
	EndGlobalSection
	GlobalSection(ProjectConfigurationPlatforms) = postSolution
		{C1512DD1-031A-4861-8D1E-A9D1C66A2FB8}.Debug|Any CPU.ActiveCfg = Debug|Any CPU
		{C1512DD1-031A-4861-8D1E-A9D1C66A2FB8}.Debug|Any CPU.Build.0 = Debug|Any CPU
		{C1512DD1-031A-4861-8D1E-A9D1C66A2FB8}.Release|Any CPU.ActiveCfg = Release|Any CPU
		{C1512DD1-031A-4861-8D1E-A9D1C66A2FB8}.Release|Any CPU.Build.0 = Release|Any CPU
	EndGlobalSection
	GlobalSection(SolutionProperties) = preSolution
		HideSolutionNode = FALSE
	EndGlobalSection
	GlobalSection(ExtensibilityGlobals) = postSolution
		SolutionGuid = {FEA04CEF-A29A-43E0-922C-6AF6BBEFC12E}
	EndGlobalSection
EndGlobal
